
Microsoft Visual Studio Solution File, Format Version 12.00
# Visual Studio Version 17
VisualStudioVersion = 17.5.33414.496
MinimumVisualStudioVersion = 10.0.40219.1
Project("{9A19103F-16F7-4668-BE54-9A1E7A4F7556}") = "ComboBoxTreeView.Demo", "ComboBoxTreeViewSample.Demo\ComboBoxTreeView.Demo.csproj", "{1C09D7C4-E364-4DA7-BEE7-1E76AB0E096B}"
EndProject
Project("{FAE04EC0-301F-11D3-BF4B-00C04F79EFBC}") = "Controls", "Controls\Controls.csproj", "{11E8A97C-7B08-44A1-B7BB-68BAC4D0459F}"
EndProject
Global
	GlobalSection(SolutionConfigurationPlatforms) = preSolution
		Debug|Any CPU = Debug|Any CPU
		Release|Any CPU = Release|Any CPU
	EndGlobalSection
	GlobalSection(ProjectConfigurationPlatforms) = postSolution
		{1C09D7C4-E364-4DA7-BEE7-1E76AB0E096B}.Debug|Any CPU.ActiveCfg = Debug|Any CPU
		{1C09D7C4-E364-4DA7-BEE7-1E76AB0E096B}.Debug|Any CPU.Build.0 = Debug|Any CPU
		{1C09D7C4-E364-4DA7-BEE7-1E76AB0E096B}.Release|Any CPU.ActiveCfg = Release|Any CPU
		{1C09D7C4-E364-4DA7-BEE7-1E76AB0E096B}.Release|Any CPU.Build.0 = Release|Any CPU
		{11E8A97C-7B08-44A1-B7BB-68BAC4D0459F}.Debug|Any CPU.ActiveCfg = Debug|Any CPU
		{11E8A97C-7B08-44A1-B7BB-68BAC4D0459F}.Debug|Any CPU.Build.0 = Debug|Any CPU
		{11E8A97C-7B08-44A1-B7BB-68BAC4D0459F}.Release|Any CPU.ActiveCfg = Release|Any CPU
		{11E8A97C-7B08-44A1-B7BB-68BAC4D0459F}.Release|Any CPU.Build.0 = Release|Any CPU
	EndGlobalSection
	GlobalSection(SolutionProperties) = preSolution
		HideSolutionNode = FALSE
	EndGlobalSection
	GlobalSection(ExtensibilityGlobals) = postSolution
		SolutionGuid = {B4BB943E-00CD-4E30-9F8F-556CC674B64D}
	EndGlobalSection
EndGlobal
